
Microsoft Visual Studio Solution File, Format Version 12.00
Project("{2150E333-8FDC-42A3-9474-1A3956D46DE8}") = "01 - Core", "01 - Core", "{FFC1EE9A-BFA5-42B2-BFAC-A6F49F809D87}"
EndProject
Project("{2150E333-8FDC-42A3-9474-1A3956D46DE8}") = "02 - Infrastructure", "02 - Infrastructure", "{2B392371-13F6-4CAC-9611-29248FF2649A}"
EndProject
Project("{2150E333-8FDC-42A3-9474-1A3956D46DE8}") = "03 - Application", "03 - Application", "{1B0103E2-83BB-4216-8AF5-37DFFB568F26}"
EndProject
Project("{2150E333-8FDC-42A3-9474-1A3956D46DE8}") = "04 - Presentation", "04 - Presentation", "{B647CE82-9451-488E-B262-31139D94D448}"
EndProject
Project("{FAE04EC0-301F-11D3-BF4B-00C04F79EFBC}") = "Case.Core", "core\Case.Core\Case.Core.csproj", "{410CAB92-2E1F-4E98-A9B4-14EBE2519DE2}"
EndProject
Project("{FAE04EC0-301F-11D3-BF4B-00C04F79EFBC}") = "Case.Database", "infrastructure\Case.Database\Case.Database.csproj", "{6D7330AD-59F7-4669-A035-74592DB45DEC}"
EndProject
Project("{2150E333-8FDC-42A3-9474-1A3956D46DE8}") = "Domain", "Domain", "{87A5264C-569D-4111-A237-8E783887533C}"
EndProject
Project("{2150E333-8FDC-42A3-9474-1A3956D46DE8}") = "Repository", "Repository", "{D8DEAAF0-7CD7-48E2-84F6-C294AD795CB5}"
EndProject
Project("{2150E333-8FDC-42A3-9474-1A3956D46DE8}") = "Service", "Service", "{22BC8417-4143-4737-8A6D-CEEE3E05AAC4}"
EndProject
Project("{FAE04EC0-301F-11D3-BF4B-00C04F79EFBC}") = "Case.Domain.DTO", "domain\Case.Domain.DTO\Case.Domain.DTO.csproj", "{701CACD3-1B70-4500-9029-D89DE44218DD}"
EndProject
Project("{FAE04EC0-301F-11D3-BF4B-00C04F79EFBC}") = "Case.Domain.Entity", "domain\Case.Domain.Entity\Case.Domain.Entity.csproj", "{EC5659DF-D58C-4FCD-977D-02F1352D60C1}"
EndProject
Project("{FAE04EC0-301F-11D3-BF4B-00C04F79EFBC}") = "Case.Repository", "repository\Case.Repository\Case.Repository.csproj", "{1E9E4F69-CA99-4B3A-ABC2-D0555E07CE9D}"
EndProject
Project("{FAE04EC0-301F-11D3-BF4B-00C04F79EFBC}") = "Case.Service", "Case.Service\Case.Service.csproj", "{F75E6654-0086-4A10-A51D-896843C4545D}"
EndProject
Project("{FAE04EC0-301F-11D3-BF4B-00C04F79EFBC}") = "Case.API", "presentation\Case.API\Case.API.csproj", "{1A1445A6-C845-49D6-82EA-C5E82B30EFE0}"
EndProject
Global
	GlobalSection(SolutionConfigurationPlatforms) = preSolution
		Debug|Any CPU = Debug|Any CPU
		Release|Any CPU = Release|Any CPU
	EndGlobalSection
	GlobalSection(NestedProjects) = preSolution
		{410CAB92-2E1F-4E98-A9B4-14EBE2519DE2} = {FFC1EE9A-BFA5-42B2-BFAC-A6F49F809D87}
		{6D7330AD-59F7-4669-A035-74592DB45DEC} = {2B392371-13F6-4CAC-9611-29248FF2649A}
		{87A5264C-569D-4111-A237-8E783887533C} = {1B0103E2-83BB-4216-8AF5-37DFFB568F26}
		{D8DEAAF0-7CD7-48E2-84F6-C294AD795CB5} = {1B0103E2-83BB-4216-8AF5-37DFFB568F26}
		{22BC8417-4143-4737-8A6D-CEEE3E05AAC4} = {1B0103E2-83BB-4216-8AF5-37DFFB568F26}
		{701CACD3-1B70-4500-9029-D89DE44218DD} = {87A5264C-569D-4111-A237-8E783887533C}
		{EC5659DF-D58C-4FCD-977D-02F1352D60C1} = {87A5264C-569D-4111-A237-8E783887533C}
		{1E9E4F69-CA99-4B3A-ABC2-D0555E07CE9D} = {D8DEAAF0-7CD7-48E2-84F6-C294AD795CB5}
		{F75E6654-0086-4A10-A51D-896843C4545D} = {22BC8417-4143-4737-8A6D-CEEE3E05AAC4}
		{1A1445A6-C845-49D6-82EA-C5E82B30EFE0} = {B647CE82-9451-488E-B262-31139D94D448}
	EndGlobalSection
	GlobalSection(ProjectConfigurationPlatforms) = postSolution
		{410CAB92-2E1F-4E98-A9B4-14EBE2519DE2}.Debug|Any CPU.ActiveCfg = Debug|Any CPU
		{410CAB92-2E1F-4E98-A9B4-14EBE2519DE2}.Debug|Any CPU.Build.0 = Debug|Any CPU
		{410CAB92-2E1F-4E98-A9B4-14EBE2519DE2}.Release|Any CPU.ActiveCfg = Release|Any CPU
		{410CAB92-2E1F-4E98-A9B4-14EBE2519DE2}.Release|Any CPU.Build.0 = Release|Any CPU
		{6D7330AD-59F7-4669-A035-74592DB45DEC}.Debug|Any CPU.ActiveCfg = Debug|Any CPU
		{6D7330AD-59F7-4669-A035-74592DB45DEC}.Debug|Any CPU.Build.0 = Debug|Any CPU
		{6D7330AD-59F7-4669-A035-74592DB45DEC}.Release|Any CPU.ActiveCfg = Release|Any CPU
		{6D7330AD-59F7-4669-A035-74592DB45DEC}.Release|Any CPU.Build.0 = Release|Any CPU
		{701CACD3-1B70-4500-9029-D89DE44218DD}.Debug|Any CPU.ActiveCfg = Debug|Any CPU
		{701CACD3-1B70-4500-9029-D89DE44218DD}.Debug|Any CPU.Build.0 = Debug|Any CPU
		{701CACD3-1B70-4500-9029-D89DE44218DD}.Release|Any CPU.ActiveCfg = Release|Any CPU
		{701CACD3-1B70-4500-9029-D89DE44218DD}.Release|Any CPU.Build.0 = Release|Any CPU
		{EC5659DF-D58C-4FCD-977D-02F1352D60C1}.Debug|Any CPU.ActiveCfg = Debug|Any CPU
		{EC5659DF-D58C-4FCD-977D-02F1352D60C1}.Debug|Any CPU.Build.0 = Debug|Any CPU
		{EC5659DF-D58C-4FCD-977D-02F1352D60C1}.Release|Any CPU.ActiveCfg = Release|Any CPU
		{EC5659DF-D58C-4FCD-977D-02F1352D60C1}.Release|Any CPU.Build.0 = Release|Any CPU
		{1E9E4F69-CA99-4B3A-ABC2-D0555E07CE9D}.Debug|Any CPU.ActiveCfg = Debug|Any CPU
		{1E9E4F69-CA99-4B3A-ABC2-D0555E07CE9D}.Debug|Any CPU.Build.0 = Debug|Any CPU
		{1E9E4F69-CA99-4B3A-ABC2-D0555E07CE9D}.Release|Any CPU.ActiveCfg = Release|Any CPU
		{1E9E4F69-CA99-4B3A-ABC2-D0555E07CE9D}.Release|Any CPU.Build.0 = Release|Any CPU
		{F75E6654-0086-4A10-A51D-896843C4545D}.Debug|Any CPU.ActiveCfg = Debug|Any CPU
		{F75E6654-0086-4A10-A51D-896843C4545D}.Debug|Any CPU.Build.0 = Debug|Any CPU
		{F75E6654-0086-4A10-A51D-896843C4545D}.Release|Any CPU.ActiveCfg = Release|Any CPU
		{F75E6654-0086-4A10-A51D-896843C4545D}.Release|Any CPU.Build.0 = Release|Any CPU
		{1A1445A6-C845-49D6-82EA-C5E82B30EFE0}.Debug|Any CPU.ActiveCfg = Debug|Any CPU
		{1A1445A6-C845-49D6-82EA-C5E82B30EFE0}.Debug|Any CPU.Build.0 = Debug|Any CPU
		{1A1445A6-C845-49D6-82EA-C5E82B30EFE0}.Release|Any CPU.ActiveCfg = Release|Any CPU
		{1A1445A6-C845-49D6-82EA-C5E82B30EFE0}.Release|Any CPU.Build.0 = Release|Any CPU
	EndGlobalSection
EndGlobal
